# This file is automatically @generated by Cargo.
# It is not intended for manual editing.
version = 4

[[package]]
name = "tile-cli"
version = "0.1.0"

[[package]]
name = "tile-config"
version = "0.1.0"

[[package]]
name = "tile-core"
version = "0.1.0"

[[package]]
name = "tile-input"
version = "0.1.0"

[[package]]
name = "tile-ipc"
version = "0.1.0"

[[package]]
name = "tile-layout"
version = "0.1.0"

[[package]]
name = "tile-observability"
version = "0.1.0"

[[package]]
name = "tile-pane"
version = "0.1.0"

[[package]]
name = "tile-plugin-api"
version = "0.1.0"

[[package]]
name = "tile-plugin-host"
version = "0.1.0"

[[package]]
name = "tile-plugin-manager"
version = "0.1.0"

[[package]]
name = "tile-pty"
version = "0.1.0"

[[package]]
name = "tile-renderer"
version = "0.1.0"

[[package]]
name = "tile-runtime"
version = "0.1.0"

[[package]]
name = "tile-session"
version = "0.1.0"

[[package]]
name = "tile-storage"
version = "0.1.0"

[[package]]
name = "tile-terminal"
version = "0.1.0"

[[package]]
name = "tile-test-support"
version = "0.1.0"
